
Microsoft Visual Studio Solution File, Format Version 12.00
# Visual Studio Version 17
VisualStudioVersion = 17.9.34607.119
MinimumVisualStudioVersion = 10.0.40219.1
Project("{8BC9CEB8-8B4A-11D0-8D11-00A0C91BC942}") = "189 - UCP 1 - TYPE 2", "189 - UCP 1 - TYPE 2.vcxproj", "{D03D4563-3FAB-4FB5-B6D3-96C3EE63E18D}"
EndProject
Global
	GlobalSection(SolutionConfigurationPlatforms) = preSolution
		Debug|x64 = Debug|x64
		Debug|x86 = Debug|x86
		Release|x64 = Release|x64
		Release|x86 = Release|x86
	EndGlobalSection
	GlobalSection(ProjectConfigurationPlatforms) = postSolution
		{D03D4563-3FAB-4FB5-B6D3-96C3EE63E18D}.Debug|x64.ActiveCfg = Debug|x64
		{D03D4563-3FAB-4FB5-B6D3-96C3EE63E18D}.Debug|x64.Build.0 = Debug|x64
		{D03D4563-3FAB-4FB5-B6D3-96C3EE63E18D}.Debug|x86.ActiveCfg = Debug|Win32
		{D03D4563-3FAB-4FB5-B6D3-96C3EE63E18D}.Debug|x86.Build.0 = Debug|Win32
		{D03D4563-3FAB-4FB5-B6D3-96C3EE63E18D}.Release|x64.ActiveCfg = Release|x64
		{D03D4563-3FAB-4FB5-B6D3-96C3EE63E18D}.Release|x64.Build.0 = Release|x64
		{D03D4563-3FAB-4FB5-B6D3-96C3EE63E18D}.Release|x86.ActiveCfg = Release|Win32
		{D03D4563-3FAB-4FB5-B6D3-96C3EE63E18D}.Release|x86.Build.0 = Release|Win32
	EndGlobalSection
	GlobalSection(SolutionProperties) = preSolution
		HideSolutionNode = FALSE
	EndGlobalSection
	GlobalSection(ExtensibilityGlobals) = postSolution
		SolutionGuid = {4E357A5C-022B-4301-A275-F9D5364C4B53}
	EndGlobalSection
EndGlobal
